// !$*UTF8*$!
{
	archiveVersion = 1;
	classes = {
	};
	objectVersion = 46;
	objects = {

/* Begin PBXBuildFile section */
		5D5792201CBAD7BC00E7FB14 /* main.cpp in Sources */ = {isa = PBXBuildFile; fileRef = 5D57921F1CBAD7BC00E7FB14 /* main.cpp */; };
		5D5792331CBAD98300E7FB14 /* OpenGL.framework in Frameworks */ = {isa = PBXBuildFile; fileRef = 5D5792321CBAD98300E7FB14 /* OpenGL.framework */; };
		5D5792351CBAD98700E7FB14 /* Cocoa.framework in Frameworks */ = {isa = PBXBuildFile; fileRef = 5D5792341CBAD98700E7FB14 /* Cocoa.framework */; };
		5D5792371CBAD98A00E7FB14 /* GLUT.framework in Frameworks */ = {isa = PBXBuildFile; fileRef = 5D5792361CBAD98A00E7FB14 /* GLUT.framework */; };
		5D57923A1CBAD99D00E7FB14 /* GroupProject.cpp in Sources */ = {isa = PBXBuildFile; fileRef = 5D5792391CBAD99D00E7FB14 /* GroupProject.cpp */; };
		5D57923C1CBAD9A700E7FB14 /* GLUT_Plotter.cpp in Sources */ = {isa = PBXBuildFile; fileRef = 5D57923B1CBAD9A700E7FB14 /* GLUT_Plotter.cpp */; };
		5D5792A51CC46C6600E7FB14 /* AlphanumericPlotter.cpp in Sources */ = {isa = PBXBuildFile; fileRef = 5D5792A01CC46C6600E7FB14 /* AlphanumericPlotter.cpp */; };
		5D5792A61CC46C6600E7FB14 /* CircleNode.cpp in Sources */ = {isa = PBXBuildFile; fileRef = 5D5792A21CC46C6600E7FB14 /* CircleNode.cpp */; };
		5D5792A71CC46C6600E7FB14 /* Line.cpp in Sources */ = {isa = PBXBuildFile; fileRef = 5D5792A41CC46C6600E7FB14 /* Line.cpp */; };
		5D5792E51CC5A6C600E7FB14 /* VisualSplay.cpp in Sources */ = {isa = PBXBuildFile; fileRef = 5D5792E41CC5A6C600E7FB14 /* VisualSplay.cpp */; };
/* End PBXBuildFile section */

/* Begin PBXCopyFilesBuildPhase section */
		5D57921A1CBAD7BC00E7FB14 /* CopyFiles */ = {
			isa = PBXCopyFilesBuildPhase;
			buildActionMask = 2147483647;
			dstPath = /usr/share/man/man1/;
			dstSubfolderSpec = 0;
			files = (
			);
			runOnlyForDeploymentPostprocessing = 1;
		};
/* End PBXCopyFilesBuildPhase section */

/* Begin PBXFileReference section */
		5D57921C1CBAD7BC00E7FB14 /* GroupProject */ = {isa = PBXFileReference; explicitFileType = "compiled.mach-o.executable"; includeInIndex = 0; path = GroupProject; sourceTree = BUILT_PRODUCTS_DIR; };
		5D57921F1CBAD7BC00E7FB14 /* main.cpp */ = {isa = PBXFileReference; lastKnownFileType = sourcecode.cpp.cpp; path = main.cpp; sourceTree = "<group>"; };
		5D5792321CBAD98300E7FB14 /* OpenGL.framework */ = {isa = PBXFileReference; lastKnownFileType = wrapper.framework; name = OpenGL.framework; path = System/Library/Frameworks/OpenGL.framework; sourceTree = SDKROOT; };
		5D5792341CBAD98700E7FB14 /* Cocoa.framework */ = {isa = PBXFileReference; lastKnownFileType = wrapper.framework; name = Cocoa.framework; path = System/Library/Frameworks/Cocoa.framework; sourceTree = SDKROOT; };
		5D5792361CBAD98A00E7FB14 /* GLUT.framework */ = {isa = PBXFileReference; lastKnownFileType = wrapper.framework; name = GLUT.framework; path = System/Library/Frameworks/GLUT.framework; sourceTree = SDKROOT; };
		5D5792381CBAD99400E7FB14 /* GroupProject.h */ = {isa = PBXFileReference; lastKnownFileType = sourcecode.c.h; path = GroupProject.h; sourceTree = "<group>"; };
		5D5792391CBAD99D00E7FB14 /* GroupProject.cpp */ = {isa = PBXFileReference; fileEncoding = 4; lastKnownFileType = sourcecode.cpp.cpp; path = GroupProject.cpp; sourceTree = "<group>"; };
		5D57923B1CBAD9A700E7FB14 /* GLUT_Plotter.cpp */ = {isa = PBXFileReference; fileEncoding = 4; lastKnownFileType = sourcecode.cpp.cpp; path = GLUT_Plotter.cpp; sourceTree = "<group>"; };
		5D57923D1CBAD9B200E7FB14 /* GLUT_Plotter.h */ = {isa = PBXFileReference; lastKnownFileType = sourcecode.c.h; path = GLUT_Plotter.h; sourceTree = "<group>"; };
		5D57923F1CBAF54D00E7FB14 /* Group0Splay.h */ = {isa = PBXFileReference; fileEncoding = 4; lastKnownFileType = sourcecode.c.h; path = Group0Splay.h; sourceTree = "<group>"; };
		5D57924A1CC0507D00E7FB14 /* Group0SplayIMPL.h */ = {isa = PBXFileReference; fileEncoding = 4; lastKnownFileType = sourcecode.c.h; path = Group0SplayIMPL.h; sourceTree = "<group>"; };
		5D57924B1CC0508A00E7FB14 /* A.txt */ = {isa = PBXFileReference; fileEncoding = 4; lastKnownFileType = text; name = A.txt; path = Characters/A.txt; sourceTree = "<group>"; };
		5D57924C1CC0508A00E7FB14 /* B.txt */ = {isa = PBXFileReference; fileEncoding = 4; lastKnownFileType = text; name = B.txt; path = Characters/B.txt; sourceTree = "<group>"; };
		5D57924D1CC0508A00E7FB14 /* C.txt */ = {isa = PBXFileReference; fileEncoding = 4; lastKnownFileType = text; name = C.txt; path = Characters/C.txt; sourceTree = "<group>"; };
		5D57924E1CC0508A00E7FB14 /* D.txt */ = {isa = PBXFileReference; fileEncoding = 4; lastKnownFileType = text; name = D.txt; path = Characters/D.txt; sourceTree = "<group>"; };
		5D57924F1CC0508A00E7FB14 /* E.txt */ = {isa = PBXFileReference; fileEncoding = 4; lastKnownFileType = text; name = E.txt; path = Characters/E.txt; sourceTree = "<group>"; };
		5D5792501CC0508A00E7FB14 /* F.txt */ = {isa = PBXFileReference; fileEncoding = 4; lastKnownFileType = text; name = F.txt; path = Characters/F.txt; sourceTree = "<group>"; };
		5D5792511CC0508A00E7FB14 /* G.txt */ = {isa = PBXFileReference; fileEncoding = 4; lastKnownFileType = text; name = G.txt; path = Characters/G.txt; sourceTree = "<group>"; };
		5D5792521CC0508A00E7FB14 /* H.txt */ = {isa = PBXFileReference; fileEncoding = 4; lastKnownFileType = text; name = H.txt; path = Characters/H.txt; sourceTree = "<group>"; };
		5D5792531CC0508A00E7FB14 /* I.txt */ = {isa = PBXFileReference; fileEncoding = 4; lastKnownFileType = text; name = I.txt; path = Characters/I.txt; sourceTree = "<group>"; };
		5D5792541CC0508A00E7FB14 /* J.txt */ = {isa = PBXFileReference; fileEncoding = 4; lastKnownFileType = text; name = J.txt; path = Characters/J.txt; sourceTree = "<group>"; };
		5D5792551CC0508A00E7FB14 /* T.txt */ = {isa = PBXFileReference; fileEncoding = 4; lastKnownFileType = text; name = T.txt; path = Characters/T.txt; sourceTree = "<group>"; };
		5D5792911CC4659400E7FB14 /* K.txt */ = {isa = PBXFileReference; fileEncoding = 4; lastKnownFileType = text; name = K.txt; path = Characters/K.txt; sourceTree = "<group>"; };
		5D5792921CC4659400E7FB14 /* L.txt */ = {isa = PBXFileReference; fileEncoding = 4; lastKnownFileType = text; name = L.txt; path = Characters/L.txt; sourceTree = "<group>"; };
		5D5792931CC4659400E7FB14 /* M.txt */ = {isa = PBXFileReference; fileEncoding = 4; lastKnownFileType = text; name = M.txt; path = Characters/M.txt; sourceTree = "<group>"; };
		5D5792941CC4659400E7FB14 /* N.txt */ = {isa = PBXFileReference; fileEncoding = 4; lastKnownFileType = text; name = N.txt; path = Characters/N.txt; sourceTree = "<group>"; };
		5D5792951CC4659400E7FB14 /* O.txt */ = {isa = PBXFileReference; fileEncoding = 4; lastKnownFileType = text; name = O.txt; path = Characters/O.txt; sourceTree = "<group>"; };
		5D5792961CC4659400E7FB14 /* P.txt */ = {isa = PBXFileReference; fileEncoding = 4; lastKnownFileType = text; name = P.txt; path = Characters/P.txt; sourceTree = "<group>"; };
		5D5792971CC4659400E7FB14 /* Q.txt */ = {isa = PBXFileReference; fileEncoding = 4; lastKnownFileType = text; name = Q.txt; path = Characters/Q.txt; sourceTree = "<group>"; };
		5D5792981CC4659400E7FB14 /* R.txt */ = {isa = PBXFileReference; fileEncoding = 4; lastKnownFileType = text; name = R.txt; path = Characters/R.txt; sourceTree = "<group>"; };
		5D5792991CC4659400E7FB14 /* S.txt */ = {isa = PBXFileReference; fileEncoding = 4; lastKnownFileType = text; name = S.txt; path = Characters/S.txt; sourceTree = "<group>"; };
		5D57929A1CC4659400E7FB14 /* U.txt */ = {isa = PBXFileReference; fileEncoding = 4; lastKnownFileType = text; name = U.txt; path = Characters/U.txt; sourceTree = "<group>"; };
		5D57929B1CC4659400E7FB14 /* V.txt */ = {isa = PBXFileReference; fileEncoding = 4; lastKnownFileType = text; name = V.txt; path = Characters/V.txt; sourceTree = "<group>"; };
		5D57929C1CC4659400E7FB14 /* W.txt */ = {isa = PBXFileReference; fileEncoding = 4; lastKnownFileType = text; name = W.txt; path = Characters/W.txt; sourceTree = "<group>"; };
		5D57929D1CC4659400E7FB14 /* X.txt */ = {isa = PBXFileReference; fileEncoding = 4; lastKnownFileType = text; name = X.txt; path = Characters/X.txt; sourceTree = "<group>"; };
		5D57929E1CC4659400E7FB14 /* Y.txt */ = {isa = PBXFileReference; fileEncoding = 4; lastKnownFileType = text; name = Y.txt; path = Characters/Y.txt; sourceTree = "<group>"; };
		5D57929F1CC4659400E7FB14 /* Z.txt */ = {isa = PBXFileReference; fileEncoding = 4; lastKnownFileType = text; name = Z.txt; path = Characters/Z.txt; sourceTree = "<group>"; };
		5D5792A01CC46C6600E7FB14 /* AlphanumericPlotter.cpp */ = {isa = PBXFileReference; fileEncoding = 4; lastKnownFileType = sourcecode.cpp.cpp; path = AlphanumericPlotter.cpp; sourceTree = "<group>"; };
		5D5792A11CC46C6600E7FB14 /* AlphanumericPlotter.h */ = {isa = PBXFileReference; fileEncoding = 4; lastKnownFileType = sourcecode.c.h; path = AlphanumericPlotter.h; sourceTree = "<group>"; };
		5D5792A21CC46C6600E7FB14 /* CircleNode.cpp */ = {isa = PBXFileReference; fileEncoding = 4; lastKnownFileType = sourcecode.cpp.cpp; path = CircleNode.cpp; sourceTree = "<group>"; };
		5D5792A31CC46C6600E7FB14 /* CircleNode.h */ = {isa = PBXFileReference; fileEncoding = 4; lastKnownFileType = sourcecode.c.h; path = CircleNode.h; sourceTree = "<group>"; };
		5D5792A41CC46C6600E7FB14 /* Line.cpp */ = {isa = PBXFileReference; fileEncoding = 4; lastKnownFileType = sourcecode.cpp.cpp; path = Line.cpp; sourceTree = "<group>"; };
		5D5792A81CC46C9300E7FB14 /* Line.h */ = {isa = PBXFileReference; fileEncoding = 4; lastKnownFileType = sourcecode.c.h; path = Line.h; sourceTree = "<group>"; };
		5D5792A91CC46D0400E7FB14 /* Location.h */ = {isa = PBXFileReference; fileEncoding = 4; lastKnownFileType = sourcecode.c.h; path = Location.h; sourceTree = "<group>"; };
		5D5792B41CC4705400E7FB14 /* 0.txt */ = {isa = PBXFileReference; fileEncoding = 4; lastKnownFileType = text; name = 0.txt; path = Characters/0.txt; sourceTree = "<group>"; };
		5D5792B51CC4705400E7FB14 /* 1.txt */ = {isa = PBXFileReference; fileEncoding = 4; lastKnownFileType = text; name = 1.txt; path = Characters/1.txt; sourceTree = "<group>"; };
		5D5792B61CC4705400E7FB14 /* 2.txt */ = {isa = PBXFileReference; fileEncoding = 4; lastKnownFileType = text; name = 2.txt; path = Characters/2.txt; sourceTree = "<group>"; };
		5D5792B71CC4705400E7FB14 /* 3.txt */ = {isa = PBXFileReference; fileEncoding = 4; lastKnownFileType = text; name = 3.txt; path = Characters/3.txt; sourceTree = "<group>"; };
		5D5792B81CC4705400E7FB14 /* 4.txt */ = {isa = PBXFileReference; fileEncoding = 4; lastKnownFileType = text; name = 4.txt; path = Characters/4.txt; sourceTree = "<group>"; };
		5D5792B91CC4705400E7FB14 /* 5.txt */ = {isa = PBXFileReference; fileEncoding = 4; lastKnownFileType = text; name = 5.txt; path = Characters/5.txt; sourceTree = "<group>"; };
		5D5792BA1CC4705400E7FB14 /* 6.txt */ = {isa = PBXFileReference; fileEncoding = 4; lastKnownFileType = text; name = 6.txt; path = Characters/6.txt; sourceTree = "<group>"; };
		5D5792BB1CC4705400E7FB14 /* 7.txt */ = {isa = PBXFileReference; fileEncoding = 4; lastKnownFileType = text; name = 7.txt; path = Characters/7.txt; sourceTree = "<group>"; };
		5D5792BC1CC4705400E7FB14 /* 8.txt */ = {isa = PBXFileReference; fileEncoding = 4; lastKnownFileType = text; name = 8.txt; path = Characters/8.txt; sourceTree = "<group>"; };
		5D5792BD1CC4705400E7FB14 /* 9.txt */ = {isa = PBXFileReference; fileEncoding = 4; lastKnownFileType = text; name = 9.txt; path = Characters/9.txt; sourceTree = "<group>"; };
		5D5792E31CC5A6B100E7FB14 /* VisualSplay.h */ = {isa = PBXFileReference; lastKnownFileType = sourcecode.c.h; path = VisualSplay.h; sourceTree = "<group>"; };
		5D5792E41CC5A6C600E7FB14 /* VisualSplay.cpp */ = {isa = PBXFileReference; fileEncoding = 4; lastKnownFileType = sourcecode.cpp.cpp; path = VisualSplay.cpp; sourceTree = "<group>"; };
/* End PBXFileReference section */

/* Begin PBXFrameworksBuildPhase section */
		5D5792191CBAD7BC00E7FB14 /* Frameworks */ = {
			isa = PBXFrameworksBuildPhase;
			buildActionMask = 2147483647;
			files = (
				5D5792371CBAD98A00E7FB14 /* GLUT.framework in Frameworks */,
				5D5792351CBAD98700E7FB14 /* Cocoa.framework in Frameworks */,
				5D5792331CBAD98300E7FB14 /* OpenGL.framework in Frameworks */,
			);
			runOnlyForDeploymentPostprocessing = 0;
		};
/* End PBXFrameworksBuildPhase section */

/* Begin PBXGroup section */
		5D5792131CBAD7BC00E7FB14 = {
			isa = PBXGroup;
			children = (
				5D5792361CBAD98A00E7FB14 /* GLUT.framework */,
				5D5792341CBAD98700E7FB14 /* Cocoa.framework */,
				5D5792321CBAD98300E7FB14 /* OpenGL.framework */,
				5D57921E1CBAD7BC00E7FB14 /* GroupProject */,
				5D57921D1CBAD7BC00E7FB14 /* Products */,
			);
			sourceTree = "<group>";
		};
		5D57921D1CBAD7BC00E7FB14 /* Products */ = {
			isa = PBXGroup;
			children = (
				5D57921C1CBAD7BC00E7FB14 /* GroupProject */,
			);
			name = Products;
			sourceTree = "<group>";
		};
		5D57921E1CBAD7BC00E7FB14 /* GroupProject */ = {
			isa = PBXGroup;
			children = (
				5D5792561CC0509400E7FB14 /* Characters */,
				5D5792A91CC46D0400E7FB14 /* Location.h */,
				5D5792A81CC46C9300E7FB14 /* Line.h */,
				5D5792A01CC46C6600E7FB14 /* AlphanumericPlotter.cpp */,
				5D5792A11CC46C6600E7FB14 /* AlphanumericPlotter.h */,
				5D5792A31CC46C6600E7FB14 /* CircleNode.h */,
				5D5792A21CC46C6600E7FB14 /* CircleNode.cpp */,
				5D5792E31CC5A6B100E7FB14 /* VisualSplay.h */,
				5D5792E41CC5A6C600E7FB14 /* VisualSplay.cpp */,
				5D5792A41CC46C6600E7FB14 /* Line.cpp */,
				5D57924A1CC0507D00E7FB14 /* Group0SplayIMPL.h */,
				5D57923F1CBAF54D00E7FB14 /* Group0Splay.h */,
				5D57921F1CBAD7BC00E7FB14 /* main.cpp */,
				5D5792381CBAD99400E7FB14 /* GroupProject.h */,
				5D5792391CBAD99D00E7FB14 /* GroupProject.cpp */,
				5D57923B1CBAD9A700E7FB14 /* GLUT_Plotter.cpp */,
				5D57923D1CBAD9B200E7FB14 /* GLUT_Plotter.h */,
			);
			path = GroupProject;
			sourceTree = "<group>";
		};
		5D5792561CC0509400E7FB14 /* Characters */ = {
			isa = PBXGroup;
			children = (
				5D5792B41CC4705400E7FB14 /* 0.txt */,
				5D5792B51CC4705400E7FB14 /* 1.txt */,
				5D5792B61CC4705400E7FB14 /* 2.txt */,
				5D5792B71CC4705400E7FB14 /* 3.txt */,
				5D5792B81CC4705400E7FB14 /* 4.txt */,
				5D5792B91CC4705400E7FB14 /* 5.txt */,
				5D5792BA1CC4705400E7FB14 /* 6.txt */,
				5D5792BB1CC4705400E7FB14 /* 7.txt */,
				5D5792BC1CC4705400E7FB14 /* 8.txt */,
				5D5792BD1CC4705400E7FB14 /* 9.txt */,
				5D5792911CC4659400E7FB14 /* K.txt */,
				5D5792921CC4659400E7FB14 /* L.txt */,
				5D5792931CC4659400E7FB14 /* M.txt */,
				5D5792941CC4659400E7FB14 /* N.txt */,
				5D5792951CC4659400E7FB14 /* O.txt */,
				5D5792961CC4659400E7FB14 /* P.txt */,
				5D5792971CC4659400E7FB14 /* Q.txt */,
				5D5792981CC4659400E7FB14 /* R.txt */,
				5D5792991CC4659400E7FB14 /* S.txt */,
				5D57929A1CC4659400E7FB14 /* U.txt */,
				5D57929B1CC4659400E7FB14 /* V.txt */,
				5D57929C1CC4659400E7FB14 /* W.txt */,
				5D57929D1CC4659400E7FB14 /* X.txt */,
				5D57929E1CC4659400E7FB14 /* Y.txt */,
				5D57929F1CC4659400E7FB14 /* Z.txt */,
				5D57924B1CC0508A00E7FB14 /* A.txt */,
				5D57924C1CC0508A00E7FB14 /* B.txt */,
				5D57924D1CC0508A00E7FB14 /* C.txt */,
				5D57924E1CC0508A00E7FB14 /* D.txt */,
				5D57924F1CC0508A00E7FB14 /* E.txt */,
				5D5792501CC0508A00E7FB14 /* F.txt */,
				5D5792511CC0508A00E7FB14 /* G.txt */,
				5D5792521CC0508A00E7FB14 /* H.txt */,
				5D5792531CC0508A00E7FB14 /* I.txt */,
				5D5792541CC0508A00E7FB14 /* J.txt */,
				5D5792551CC0508A00E7FB14 /* T.txt */,
			);
			name = Characters;
			sourceTree = "<group>";
		};
/* End PBXGroup section */

/* Begin PBXNativeTarget section */
		5D57921B1CBAD7BC00E7FB14 /* GroupProject */ = {
			isa = PBXNativeTarget;
			buildConfigurationList = 5D5792231CBAD7BC00E7FB14 /* Build configuration list for PBXNativeTarget "GroupProject" */;
			buildPhases = (
				5D5792181CBAD7BC00E7FB14 /* Sources */,
				5D5792191CBAD7BC00E7FB14 /* Frameworks */,
				5D57921A1CBAD7BC00E7FB14 /* CopyFiles */,
			);
			buildRules = (
			);
			dependencies = (
			);
			name = GroupProject;
			productName = GroupProject;
			productReference = 5D57921C1CBAD7BC00E7FB14 /* GroupProject */;
			productType = "com.apple.product-type.tool";
		};
/* End PBXNativeTarget section */

/* Begin PBXProject section */
		5D5792141CBAD7BC00E7FB14 /* Project object */ = {
			isa = PBXProject;
			attributes = {
				LastUpgradeCheck = 0720;
				ORGANIZATIONNAME = "Morgan Wesemann";
				TargetAttributes = {
					5D57921B1CBAD7BC00E7FB14 = {
						CreatedOnToolsVersion = 7.2.1;
					};
				};
			};
			buildConfigurationList = 5D5792171CBAD7BC00E7FB14 /* Build configuration list for PBXProject "GroupProject" */;
			compatibilityVersion = "Xcode 3.2";
			developmentRegion = English;
			hasScannedForEncodings = 0;
			knownRegions = (
				en,
			);
			mainGroup = 5D5792131CBAD7BC00E7FB14;
			productRefGroup = 5D57921D1CBAD7BC00E7FB14 /* Products */;
			projectDirPath = "";
			projectRoot = "";
			targets = (
				5D57921B1CBAD7BC00E7FB14 /* GroupProject */,
			);
		};
/* End PBXProject section */

/* Begin PBXSourcesBuildPhase section */
		5D5792181CBAD7BC00E7FB14 /* Sources */ = {
			isa = PBXSourcesBuildPhase;
			buildActionMask = 2147483647;
			files = (
				5D5792201CBAD7BC00E7FB14 /* main.cpp in Sources */,
				5D5792A61CC46C6600E7FB14 /* CircleNode.cpp in Sources */,
				5D5792E51CC5A6C600E7FB14 /* VisualSplay.cpp in Sources */,
				5D57923A1CBAD99D00E7FB14 /* GroupProject.cpp in Sources */,
				5D5792A71CC46C6600E7FB14 /* Line.cpp in Sources */,
				5D57923C1CBAD9A700E7FB14 /* GLUT_Plotter.cpp in Sources */,
				5D5792A51CC46C6600E7FB14 /* AlphanumericPlotter.cpp in Sources */,
			);
			runOnlyForDeploymentPostprocessing = 0;
		};
/* End PBXSourcesBuildPhase section */

/* Begin XCBuildConfiguration section */
		5D5792211CBAD7BC00E7FB14 /* Debug */ = {
			isa = XCBuildConfiguration;
			buildSettings = {
				ALWAYS_SEARCH_USER_PATHS = NO;
				CLANG_CXX_LANGUAGE_STANDARD = "gnu++0x";
				CLANG_CXX_LIBRARY = "libc++";
				CLANG_ENABLE_MODULES = YES;
				CLANG_ENABLE_OBJC_ARC = YES;
				CLANG_WARN_BOOL_CONVERSION = YES;
				CLANG_WARN_CONSTANT_CONVERSION = YES;
				CLANG_WARN_DIRECT_OBJC_ISA_USAGE = YES_ERROR;
				CLANG_WARN_EMPTY_BODY = YES;
				CLANG_WARN_ENUM_CONVERSION = YES;
				CLANG_WARN_INT_CONVERSION = YES;
				CLANG_WARN_OBJC_ROOT_CLASS = YES_ERROR;
				CLANG_WARN_UNREACHABLE_CODE = YES;
				CLANG_WARN__DUPLICATE_METHOD_MATCH = YES;
				CODE_SIGN_IDENTITY = "-";
				COPY_PHASE_STRIP = NO;
				DEBUG_INFORMATION_FORMAT = dwarf;
				ENABLE_STRICT_OBJC_MSGSEND = YES;
				ENABLE_TESTABILITY = YES;
				GCC_C_LANGUAGE_STANDARD = gnu99;
				GCC_DYNAMIC_NO_PIC = NO;
				GCC_NO_COMMON_BLOCKS = YES;
				GCC_OPTIMIZATION_LEVEL = 0;
				GCC_PREPROCESSOR_DEFINITIONS = (
					"DEBUG=1",
					"$(inherited)",
				);
				GCC_WARN_64_TO_32_BIT_CONVERSION = YES;
				GCC_WARN_ABOUT_RETURN_TYPE = YES_ERROR;
				GCC_WARN_UNDECLARED_SELECTOR = YES;
				GCC_WARN_UNINITIALIZED_AUTOS = YES_AGGRESSIVE;
				GCC_WARN_UNUSED_FUNCTION = YES;
				GCC_WARN_UNUSED_VARIABLE = YES;
				MACOSX_DEPLOYMENT_TARGET = 10.11;
				MTL_ENABLE_DEBUG_INFO = YES;
				ONLY_ACTIVE_ARCH = YES;
				SDKROOT = macosx;
			};
			name = Debug;
		};
		5D5792221CBAD7BC00E7FB14 /* Release */ = {
			isa = XCBuildConfiguration;
			buildSettings = {
				ALWAYS_SEARCH_USER_PATHS = NO;
				CLANG_CXX_LANGUAGE_STANDARD = "gnu++0x";
				CLANG_CXX_LIBRARY = "libc++";
				CLANG_ENABLE_MODULES = YES;
				CLANG_ENABLE_OBJC_ARC = YES;
				CLANG_WARN_BOOL_CONVERSION = YES;
				CLANG_WARN_CONSTANT_CONVERSION = YES;
				CLANG_WARN_DIRECT_OBJC_ISA_USAGE = YES_ERROR;
				CLANG_WARN_EMPTY_BODY = YES;
				CLANG_WARN_ENUM_CONVERSION = YES;
				CLANG_WARN_INT_CONVERSION = YES;
				CLANG_WARN_OBJC_ROOT_CLASS = YES_ERROR;
				CLANG_WARN_UNREACHABLE_CODE = YES;
				CLANG_WARN__DUPLICATE_METHOD_MATCH = YES;
				CODE_SIGN_IDENTITY = "-";
				COPY_PHASE_STRIP = NO;
				DEBUG_INFORMATION_FORMAT = "dwarf-with-dsym";
				ENABLE_NS_ASSERTIONS = NO;
				ENABLE_STRICT_OBJC_MSGSEND = YES;
				GCC_C_LANGUAGE_STANDARD = gnu99;
				GCC_NO_COMMON_BLOCKS = YES;
				GCC_WARN_64_TO_32_BIT_CONVERSION = YES;
				GCC_WARN_ABOUT_RETURN_TYPE = YES_ERROR;
				GCC_WARN_UNDECLARED_SELECTOR = YES;
				GCC_WARN_UNINITIALIZED_AUTOS = YES_AGGRESSIVE;
				GCC_WARN_UNUSED_FUNCTION = YES;
				GCC_WARN_UNUSED_VARIABLE = YES;
				MACOSX_DEPLOYMENT_TARGET = 10.11;
				MTL_ENABLE_DEBUG_INFO = NO;
				SDKROOT = macosx;
			};
			name = Release;
		};
		5D5792241CBAD7BC00E7FB14 /* Debug */ = {
			isa = XCBuildConfiguration;
			buildSettings = {
				ARCHS = "$(ARCHS_STANDARD)";
				OTHER_CFLAGS = "-Wno-deprecated";
				PRODUCT_NAME = "$(TARGET_NAME)";
			};
			name = Debug;
		};
		5D5792251CBAD7BC00E7FB14 /* Release */ = {
			isa = XCBuildConfiguration;
			buildSettings = {
				ARCHS = "$(ARCHS_STANDARD)";
				OTHER_CFLAGS = "-Wno-deprecated";
				PRODUCT_NAME = "$(TARGET_NAME)";
			};
			name = Release;
		};
/* End XCBuildConfiguration section */

/* Begin XCConfigurationList section */
		5D5792171CBAD7BC00E7FB14 /* Build configuration list for PBXProject "GroupProject" */ = {
			isa = XCConfigurationList;
			buildConfigurations = (
				5D5792211CBAD7BC00E7FB14 /* Debug */,
				5D5792221CBAD7BC00E7FB14 /* Release */,
			);
			defaultConfigurationIsVisible = 0;
			defaultConfigurationName = Release;
		};
		5D5792231CBAD7BC00E7FB14 /* Build configuration list for PBXNativeTarget "GroupProject" */ = {
			isa = XCConfigurationList;
			buildConfigurations = (
				5D5792241CBAD7BC00E7FB14 /* Debug */,
				5D5792251CBAD7BC00E7FB14 /* Release */,
			);
			defaultConfigurationIsVisible = 0;
			defaultConfigurationName = Release;
		};
/* End XCConfigurationList section */
	};
	rootObject = 5D5792141CBAD7BC00E7FB14 /* Project object */;
}
