// !$*UTF8*$!
{
	archiveVersion = 1;
	classes = {
	};
	objectVersion = 46;
	objects = {

/* Begin PBXBuildFile section */
		5D5792201CBAD7BC00E7FB14 /* main.cpp in Sources */ = {isa = PBXBuildFile; fileRef = 5D57921F1CBAD7BC00E7FB14 /* main.cpp */; };
		5D5792331CBAD98300E7FB14 /* OpenGL.framework in Frameworks */ = {isa = PBXBuildFile; fileRef = 5D5792321CBAD98300E7FB14 /* OpenGL.framework */; };
		5D5792351CBAD98700E7FB14 /* Cocoa.framework in Frameworks */ = {isa = PBXBuildFile; fileRef = 5D5792341CBAD98700E7FB14 /* Cocoa.framework */; };
		5D5792371CBAD98A00E7FB14 /* GLUT.framework in Frameworks */ = {isa = PBXBuildFile; fileRef = 5D5792361CBAD98A00E7FB14 /* GLUT.framework */; };
		5D57923A1CBAD99D00E7FB14 /* GroupProject.cpp in Sources */ = {isa = PBXBuildFile; fileRef = 5D5792391CBAD99D00E7FB14 /* GroupProject.cpp */; };
		5D57923C1CBAD9A700E7FB14 /* GLUT_Plotter.cpp in Sources */ = {isa = PBXBuildFile; fileRef = 5D57923B1CBAD9A700E7FB14 /* GLUT_Plotter.cpp */; };
/* End PBXBuildFile section */

/* Begin PBXCopyFilesBuildPhase section */
		5D57921A1CBAD7BC00E7FB14 /* CopyFiles */ = {
			isa = PBXCopyFilesBuildPhase;
			buildActionMask = 2147483647;
			dstPath = /usr/share/man/man1/;
			dstSubfolderSpec = 0;
			files = (
			);
			runOnlyForDeploymentPostprocessing = 1;
		};
/* End PBXCopyFilesBuildPhase section */

/* Begin PBXFileReference section */
		5D57921C1CBAD7BC00E7FB14 /* GroupProject */ = {isa = PBXFileReference; explicitFileType = "compiled.mach-o.executable"; includeInIndex = 0; path = GroupProject; sourceTree = BUILT_PRODUCTS_DIR; };
		5D57921F1CBAD7BC00E7FB14 /* main.cpp */ = {isa = PBXFileReference; lastKnownFileType = sourcecode.cpp.cpp; path = main.cpp; sourceTree = "<group>"; };
		5D5792321CBAD98300E7FB14 /* OpenGL.framework */ = {isa = PBXFileReference; lastKnownFileType = wrapper.framework; name = OpenGL.framework; path = System/Library/Frameworks/OpenGL.framework; sourceTree = SDKROOT; };
		5D5792341CBAD98700E7FB14 /* Cocoa.framework */ = {isa = PBXFileReference; lastKnownFileType = wrapper.framework; name = Cocoa.framework; path = System/Library/Frameworks/Cocoa.framework; sourceTree = SDKROOT; };
		5D5792361CBAD98A00E7FB14 /* GLUT.framework */ = {isa = PBXFileReference; lastKnownFileType = wrapper.framework; name = GLUT.framework; path = System/Library/Frameworks/GLUT.framework; sourceTree = SDKROOT; };
		5D5792381CBAD99400E7FB14 /* GroupProject.h */ = {isa = PBXFileReference; lastKnownFileType = sourcecode.c.h; path = GroupProject.h; sourceTree = "<group>"; };
		5D5792391CBAD99D00E7FB14 /* GroupProject.cpp */ = {isa = PBXFileReference; fileEncoding = 4; lastKnownFileType = sourcecode.cpp.cpp; path = GroupProject.cpp; sourceTree = "<group>"; };
		5D57923B1CBAD9A700E7FB14 /* GLUT_Plotter.cpp */ = {isa = PBXFileReference; fileEncoding = 4; lastKnownFileType = sourcecode.cpp.cpp; path = GLUT_Plotter.cpp; sourceTree = "<group>"; };
		5D57923D1CBAD9B200E7FB14 /* GLUT_Plotter.h */ = {isa = PBXFileReference; lastKnownFileType = sourcecode.c.h; path = GLUT_Plotter.h; sourceTree = "<group>"; };
/* End PBXFileReference section */

/* Begin PBXFrameworksBuildPhase section */
		5D5792191CBAD7BC00E7FB14 /* Frameworks */ = {
			isa = PBXFrameworksBuildPhase;
			buildActionMask = 2147483647;
			files = (
				5D5792371CBAD98A00E7FB14 /* GLUT.framework in Frameworks */,
				5D5792351CBAD98700E7FB14 /* Cocoa.framework in Frameworks */,
				5D5792331CBAD98300E7FB14 /* OpenGL.framework in Frameworks */,
			);
			runOnlyForDeploymentPostprocessing = 0;
		};
/* End PBXFrameworksBuildPhase section */

/* Begin PBXGroup section */
		5D5792131CBAD7BC00E7FB14 = {
			isa = PBXGroup;
			children = (
				5D5792361CBAD98A00E7FB14 /* GLUT.framework */,
				5D5792341CBAD98700E7FB14 /* Cocoa.framework */,
				5D5792321CBAD98300E7FB14 /* OpenGL.framework */,
				5D57921E1CBAD7BC00E7FB14 /* GroupProject */,
				5D57921D1CBAD7BC00E7FB14 /* Products */,
			);
			sourceTree = "<group>";
		};
		5D57921D1CBAD7BC00E7FB14 /* Products */ = {
			isa = PBXGroup;
			children = (
				5D57921C1CBAD7BC00E7FB14 /* GroupProject */,
			);
			name = Products;
			sourceTree = "<group>";
		};
		5D57921E1CBAD7BC00E7FB14 /* GroupProject */ = {
			isa = PBXGroup;
			children = (
				5D57921F1CBAD7BC00E7FB14 /* main.cpp */,
				5D5792381CBAD99400E7FB14 /* GroupProject.h */,
				5D5792391CBAD99D00E7FB14 /* GroupProject.cpp */,
				5D57923B1CBAD9A700E7FB14 /* GLUT_Plotter.cpp */,
				5D57923D1CBAD9B200E7FB14 /* GLUT_Plotter.h */,
			);
			path = GroupProject;
			sourceTree = "<group>";
		};
/* End PBXGroup section */

/* Begin PBXNativeTarget section */
		5D57921B1CBAD7BC00E7FB14 /* GroupProject */ = {
			isa = PBXNativeTarget;
			buildConfigurationList = 5D5792231CBAD7BC00E7FB14 /* Build configuration list for PBXNativeTarget "GroupProject" */;
			buildPhases = (
				5D5792181CBAD7BC00E7FB14 /* Sources */,
				5D5792191CBAD7BC00E7FB14 /* Frameworks */,
				5D57921A1CBAD7BC00E7FB14 /* CopyFiles */,
			);
			buildRules = (
			);
			dependencies = (
			);
			name = GroupProject;
			productName = GroupProject;
			productReference = 5D57921C1CBAD7BC00E7FB14 /* GroupProject */;
			productType = "com.apple.product-type.tool";
		};
/* End PBXNativeTarget section */

/* Begin PBXProject section */
		5D5792141CBAD7BC00E7FB14 /* Project object */ = {
			isa = PBXProject;
			attributes = {
				LastUpgradeCheck = 0720;
				ORGANIZATIONNAME = "Morgan Wesemann";
				TargetAttributes = {
					5D57921B1CBAD7BC00E7FB14 = {
						CreatedOnToolsVersion = 7.2.1;
					};
				};
			};
			buildConfigurationList = 5D5792171CBAD7BC00E7FB14 /* Build configuration list for PBXProject "GroupProject" */;
			compatibilityVersion = "Xcode 3.2";
			developmentRegion = English;
			hasScannedForEncodings = 0;
			knownRegions = (
				en,
			);
			mainGroup = 5D5792131CBAD7BC00E7FB14;
			productRefGroup = 5D57921D1CBAD7BC00E7FB14 /* Products */;
			projectDirPath = "";
			projectRoot = "";
			targets = (
				5D57921B1CBAD7BC00E7FB14 /* GroupProject */,
			);
		};
/* End PBXProject section */

/* Begin PBXSourcesBuildPhase section */
		5D5792181CBAD7BC00E7FB14 /* Sources */ = {
			isa = PBXSourcesBuildPhase;
			buildActionMask = 2147483647;
			files = (
				5D5792201CBAD7BC00E7FB14 /* main.cpp in Sources */,
				5D57923A1CBAD99D00E7FB14 /* GroupProject.cpp in Sources */,
				5D57923C1CBAD9A700E7FB14 /* GLUT_Plotter.cpp in Sources */,
			);
			runOnlyForDeploymentPostprocessing = 0;
		};
/* End PBXSourcesBuildPhase section */

/* Begin XCBuildConfiguration section */
		5D5792211CBAD7BC00E7FB14 /* Debug */ = {
			isa = XCBuildConfiguration;
			buildSettings = {
				ALWAYS_SEARCH_USER_PATHS = NO;
				CLANG_CXX_LANGUAGE_STANDARD = "gnu++0x";
				CLANG_CXX_LIBRARY = "libc++";
				CLANG_ENABLE_MODULES = YES;
				CLANG_ENABLE_OBJC_ARC = YES;
				CLANG_WARN_BOOL_CONVERSION = YES;
				CLANG_WARN_CONSTANT_CONVERSION = YES;
				CLANG_WARN_DIRECT_OBJC_ISA_USAGE = YES_ERROR;
				CLANG_WARN_EMPTY_BODY = YES;
				CLANG_WARN_ENUM_CONVERSION = YES;
				CLANG_WARN_INT_CONVERSION = YES;
				CLANG_WARN_OBJC_ROOT_CLASS = YES_ERROR;
				CLANG_WARN_UNREACHABLE_CODE = YES;
				CLANG_WARN__DUPLICATE_METHOD_MATCH = YES;
				CODE_SIGN_IDENTITY = "-";
				COPY_PHASE_STRIP = NO;
				DEBUG_INFORMATION_FORMAT = dwarf;
				ENABLE_STRICT_OBJC_MSGSEND = YES;
				ENABLE_TESTABILITY = YES;
				GCC_C_LANGUAGE_STANDARD = gnu99;
				GCC_DYNAMIC_NO_PIC = NO;
				GCC_NO_COMMON_BLOCKS = YES;
				GCC_OPTIMIZATION_LEVEL = 0;
				GCC_PREPROCESSOR_DEFINITIONS = (
					"DEBUG=1",
					"$(inherited)",
				);
				GCC_WARN_64_TO_32_BIT_CONVERSION = YES;
				GCC_WARN_ABOUT_RETURN_TYPE = YES_ERROR;
				GCC_WARN_UNDECLARED_SELECTOR = YES;
				GCC_WARN_UNINITIALIZED_AUTOS = YES_AGGRESSIVE;
				GCC_WARN_UNUSED_FUNCTION = YES;
				GCC_WARN_UNUSED_VARIABLE = YES;
				MACOSX_DEPLOYMENT_TARGET = 10.11;
				MTL_ENABLE_DEBUG_INFO = YES;
				ONLY_ACTIVE_ARCH = YES;
				SDKROOT = macosx;
			};
			name = Debug;
		};
		5D5792221CBAD7BC00E7FB14 /* Release */ = {
			isa = XCBuildConfiguration;
			buildSettings = {
				ALWAYS_SEARCH_USER_PATHS = NO;
				CLANG_CXX_LANGUAGE_STANDARD = "gnu++0x";
				CLANG_CXX_LIBRARY = "libc++";
				CLANG_ENABLE_MODULES = YES;
				CLANG_ENABLE_OBJC_ARC = YES;
				CLANG_WARN_BOOL_CONVERSION = YES;
				CLANG_WARN_CONSTANT_CONVERSION = YES;
				CLANG_WARN_DIRECT_OBJC_ISA_USAGE = YES_ERROR;
				CLANG_WARN_EMPTY_BODY = YES;
				CLANG_WARN_ENUM_CONVERSION = YES;
				CLANG_WARN_INT_CONVERSION = YES;
				CLANG_WARN_OBJC_ROOT_CLASS = YES_ERROR;
				CLANG_WARN_UNREACHABLE_CODE = YES;
				CLANG_WARN__DUPLICATE_METHOD_MATCH = YES;
				CODE_SIGN_IDENTITY = "-";
				COPY_PHASE_STRIP = NO;
				DEBUG_INFORMATION_FORMAT = "dwarf-with-dsym";
				ENABLE_NS_ASSERTIONS = NO;
				ENABLE_STRICT_OBJC_MSGSEND = YES;
				GCC_C_LANGUAGE_STANDARD = gnu99;
				GCC_NO_COMMON_BLOCKS = YES;
				GCC_WARN_64_TO_32_BIT_CONVERSION = YES;
				GCC_WARN_ABOUT_RETURN_TYPE = YES_ERROR;
				GCC_WARN_UNDECLARED_SELECTOR = YES;
				GCC_WARN_UNINITIALIZED_AUTOS = YES_AGGRESSIVE;
				GCC_WARN_UNUSED_FUNCTION = YES;
				GCC_WARN_UNUSED_VARIABLE = YES;
				MACOSX_DEPLOYMENT_TARGET = 10.11;
				MTL_ENABLE_DEBUG_INFO = NO;
				SDKROOT = macosx;
			};
			name = Release;
		};
		5D5792241CBAD7BC00E7FB14 /* Debug */ = {
			isa = XCBuildConfiguration;
			buildSettings = {
				PRODUCT_NAME = "$(TARGET_NAME)";
			};
			name = Debug;
		};
		5D5792251CBAD7BC00E7FB14 /* Release */ = {
			isa = XCBuildConfiguration;
			buildSettings = {
				PRODUCT_NAME = "$(TARGET_NAME)";
			};
			name = Release;
		};
/* End XCBuildConfiguration section */

/* Begin XCConfigurationList section */
		5D5792171CBAD7BC00E7FB14 /* Build configuration list for PBXProject "GroupProject" */ = {
			isa = XCConfigurationList;
			buildConfigurations = (
				5D5792211CBAD7BC00E7FB14 /* Debug */,
				5D5792221CBAD7BC00E7FB14 /* Release */,
			);
			defaultConfigurationIsVisible = 0;
			defaultConfigurationName = Release;
		};
		5D5792231CBAD7BC00E7FB14 /* Build configuration list for PBXNativeTarget "GroupProject" */ = {
			isa = XCConfigurationList;
			buildConfigurations = (
				5D5792241CBAD7BC00E7FB14 /* Debug */,
				5D5792251CBAD7BC00E7FB14 /* Release */,
			);
			defaultConfigurationIsVisible = 0;
			defaultConfigurationName = Release;
		};
/* End XCConfigurationList section */
	};
	rootObject = 5D5792141CBAD7BC00E7FB14 /* Project object */;
}
